// !$*UTF8*$!
{
	archiveVersion = 1;
	classes = {
	};
	objectVersion = 56;
	objects = {

/* Begin PBXBuildFile section */
		F606C4C9291684DB00F009D1 /* NightTime+CoreDataClass.swift in Sources */ = {isa = PBXBuildFile; fileRef = F606C4C3291684DB00F009D1 /* NightTime+CoreDataClass.swift */; };
		F606C4CD291684DB00F009D1 /* Wake+CoreDataClass.swift in Sources */ = {isa = PBXBuildFile; fileRef = F606C4C7291684DB00F009D1 /* Wake+CoreDataClass.swift */; };
		F6312C8129159AF600CD4C4E /* CoreDataService.swift in Sources */ = {isa = PBXBuildFile; fileRef = F6312C8029159AF600CD4C4E /* CoreDataService.swift */; };
		F6312CCF2915C65E00CD4C4E /* Sleeping_Baby.xcdatamodeld in Sources */ = {isa = PBXBuildFile; fileRef = F6312CCD2915C65E00CD4C4E /* Sleeping_Baby.xcdatamodeld */; };
		F6312CD12915CC6E00CD4C4E /* Logger.swift in Sources */ = {isa = PBXBuildFile; fileRef = F6312CD02915CC6E00CD4C4E /* Logger.swift */; };
		F6849C2B29158B6C006C9125 /* AppDelegate.swift in Sources */ = {isa = PBXBuildFile; fileRef = F6849C2A29158B6C006C9125 /* AppDelegate.swift */; };
		F6849C2D29158B6C006C9125 /* SceneDelegate.swift in Sources */ = {isa = PBXBuildFile; fileRef = F6849C2C29158B6C006C9125 /* SceneDelegate.swift */; };
		F6849C2F29158B6C006C9125 /* TabBarController.swift in Sources */ = {isa = PBXBuildFile; fileRef = F6849C2E29158B6C006C9125 /* TabBarController.swift */; };
		F6849C3429158B6D006C9125 /* Assets.xcassets in Resources */ = {isa = PBXBuildFile; fileRef = F6849C3329158B6D006C9125 /* Assets.xcassets */; };
		F6849C3729158B6D006C9125 /* LaunchScreen.storyboard in Resources */ = {isa = PBXBuildFile; fileRef = F6849C3529158B6D006C9125 /* LaunchScreen.storyboard */; };
		F6849C3F29158E90006C9125 /* .gitignore in Resources */ = {isa = PBXBuildFile; fileRef = F6849C3E29158E90006C9125 /* .gitignore */; };
		F6C1999B2916E20E00437CD9 /* Sleep+CoreDataClass.swift in Sources */ = {isa = PBXBuildFile; fileRef = F6C199992916E20E00437CD9 /* Sleep+CoreDataClass.swift */; };
		F6C5C62E291682F2002204E7 /* Feeding+CoreDataClass.swift in Sources */ = {isa = PBXBuildFile; fileRef = F6C5C62C291682F2002204E7 /* Feeding+CoreDataClass.swift */; };
		F6C5C632291683EC002204E7 /* Kid+CoreDataClass.swift in Sources */ = {isa = PBXBuildFile; fileRef = F6C5C630291683EC002204E7 /* Kid+CoreDataClass.swift */; };
/* End PBXBuildFile section */

/* Begin PBXFileReference section */
		F606C4C3291684DB00F009D1 /* NightTime+CoreDataClass.swift */ = {isa = PBXFileReference; lastKnownFileType = sourcecode.swift; path = "NightTime+CoreDataClass.swift"; sourceTree = "<group>"; };
		F606C4C7291684DB00F009D1 /* Wake+CoreDataClass.swift */ = {isa = PBXFileReference; lastKnownFileType = sourcecode.swift; path = "Wake+CoreDataClass.swift"; sourceTree = "<group>"; };
		F6312C8029159AF600CD4C4E /* CoreDataService.swift */ = {isa = PBXFileReference; lastKnownFileType = sourcecode.swift; path = CoreDataService.swift; sourceTree = "<group>"; };
		F6312CCE2915C65E00CD4C4E /* Sleeping_Baby.xcdatamodel */ = {isa = PBXFileReference; lastKnownFileType = wrapper.xcdatamodel; path = Sleeping_Baby.xcdatamodel; sourceTree = "<group>"; };
		F6312CD02915CC6E00CD4C4E /* Logger.swift */ = {isa = PBXFileReference; lastKnownFileType = sourcecode.swift; path = Logger.swift; sourceTree = "<group>"; };
		F6849C2729158B6C006C9125 /* Sleeping Baby.app */ = {isa = PBXFileReference; explicitFileType = wrapper.application; includeInIndex = 0; path = "Sleeping Baby.app"; sourceTree = BUILT_PRODUCTS_DIR; };
		F6849C2A29158B6C006C9125 /* AppDelegate.swift */ = {isa = PBXFileReference; lastKnownFileType = sourcecode.swift; path = AppDelegate.swift; sourceTree = "<group>"; };
		F6849C2C29158B6C006C9125 /* SceneDelegate.swift */ = {isa = PBXFileReference; lastKnownFileType = sourcecode.swift; path = SceneDelegate.swift; sourceTree = "<group>"; };
		F6849C2E29158B6C006C9125 /* TabBarController.swift */ = {isa = PBXFileReference; lastKnownFileType = sourcecode.swift; path = TabBarController.swift; sourceTree = "<group>"; };
		F6849C3329158B6D006C9125 /* Assets.xcassets */ = {isa = PBXFileReference; lastKnownFileType = folder.assetcatalog; path = Assets.xcassets; sourceTree = "<group>"; };
		F6849C3629158B6D006C9125 /* Base */ = {isa = PBXFileReference; lastKnownFileType = file.storyboard; name = Base; path = Base.lproj/LaunchScreen.storyboard; sourceTree = "<group>"; };
		F6849C3829158B6D006C9125 /* Info.plist */ = {isa = PBXFileReference; lastKnownFileType = text.plist.xml; path = Info.plist; sourceTree = "<group>"; };
		F6849C3E29158E90006C9125 /* .gitignore */ = {isa = PBXFileReference; lastKnownFileType = text; path = .gitignore; sourceTree = "<group>"; };
		F6C199992916E20E00437CD9 /* Sleep+CoreDataClass.swift */ = {isa = PBXFileReference; lastKnownFileType = sourcecode.swift; path = "Sleep+CoreDataClass.swift"; sourceTree = "<group>"; };
		F6C5C62C291682F2002204E7 /* Feeding+CoreDataClass.swift */ = {isa = PBXFileReference; lastKnownFileType = sourcecode.swift; path = "Feeding+CoreDataClass.swift"; sourceTree = "<group>"; };
		F6C5C630291683EC002204E7 /* Kid+CoreDataClass.swift */ = {isa = PBXFileReference; lastKnownFileType = sourcecode.swift; path = "Kid+CoreDataClass.swift"; sourceTree = "<group>"; };
/* End PBXFileReference section */

/* Begin PBXFrameworksBuildPhase section */
		F6849C2429158B6C006C9125 /* Frameworks */ = {
			isa = PBXFrameworksBuildPhase;
			buildActionMask = 2147483647;
			files = (
			);
			runOnlyForDeploymentPostprocessing = 0;
		};
/* End PBXFrameworksBuildPhase section */

/* Begin PBXGroup section */
		F6312C8229159AFE00CD4C4E /* Services */ = {
			isa = PBXGroup;
			children = (
				F6312C832915C4C800CD4C4E /* CoreDataService */,
				F6312CD02915CC6E00CD4C4E /* Logger.swift */,
			);
			path = Services;
			sourceTree = "<group>";
		};
		F6312C832915C4C800CD4C4E /* CoreDataService */ = {
			isa = PBXGroup;
			children = (
				F6312C8029159AF600CD4C4E /* CoreDataService.swift */,
				F6312CCD2915C65E00CD4C4E /* Sleeping_Baby.xcdatamodeld */,
			);
			path = CoreDataService;
			sourceTree = "<group>";
		};
		F6312CD22915DA1200CD4C4E /* Models */ = {
			isa = PBXGroup;
			children = (
				F6312CD32915DA3100CD4C4E /* CoreData */,
			);
			path = Models;
			sourceTree = "<group>";
		};
		F6312CD32915DA3100CD4C4E /* CoreData */ = {
			isa = PBXGroup;
			children = (
				F6C5C62C291682F2002204E7 /* Feeding+CoreDataClass.swift */,
				F6C5C630291683EC002204E7 /* Kid+CoreDataClass.swift */,
				F606C4C3291684DB00F009D1 /* NightTime+CoreDataClass.swift */,
				F6C199992916E20E00437CD9 /* Sleep+CoreDataClass.swift */,
				F606C4C7291684DB00F009D1 /* Wake+CoreDataClass.swift */,
			);
			path = CoreData;
			sourceTree = "<group>";
		};
		F6849C1E29158B6C006C9125 = {
			isa = PBXGroup;
			children = (
				F6849C2929158B6C006C9125 /* Sleeping Baby */,
				F6849C3E29158E90006C9125 /* .gitignore */,
				F6849C2829158B6C006C9125 /* Products */,
			);
			sourceTree = "<group>";
		};
		F6849C2829158B6C006C9125 /* Products */ = {
			isa = PBXGroup;
			children = (
				F6849C2729158B6C006C9125 /* Sleeping Baby.app */,
			);
			name = Products;
			sourceTree = "<group>";
		};
		F6849C2929158B6C006C9125 /* Sleeping Baby */ = {
			isa = PBXGroup;
			children = (
				F6849C4429158F42006C9125 /* Components */,
				F6312CD22915DA1200CD4C4E /* Models */,
				F6849C4029158EC9006C9125 /* Scenes */,
				F6312C8229159AFE00CD4C4E /* Services */,
				F6849C4329158F0E006C9125 /* Settings */,
			);
			path = "Sleeping Baby";
			sourceTree = "<group>";
		};
		F6849C4029158EC9006C9125 /* Scenes */ = {
			isa = PBXGroup;
			children = (
				F6849C4229158EF6006C9125 /* Main */,
			);
			path = Scenes;
			sourceTree = "<group>";
		};
		F6849C4129158EE0006C9125 /* LaunchScreen */ = {
			isa = PBXGroup;
			children = (
				F6849C3529158B6D006C9125 /* LaunchScreen.storyboard */,
			);
			path = LaunchScreen;
			sourceTree = "<group>";
		};
		F6849C4229158EF6006C9125 /* Main */ = {
			isa = PBXGroup;
			children = (
				F6849C4129158EE0006C9125 /* LaunchScreen */,
				F6849C2E29158B6C006C9125 /* TabBarController.swift */,
			);
			path = Main;
			sourceTree = "<group>";
		};
		F6849C4329158F0E006C9125 /* Settings */ = {
			isa = PBXGroup;
			children = (
				F6849C2A29158B6C006C9125 /* AppDelegate.swift */,
				F6849C2C29158B6C006C9125 /* SceneDelegate.swift */,
				F6849C3829158B6D006C9125 /* Info.plist */,
			);
			path = Settings;
			sourceTree = "<group>";
		};
		F6849C4429158F42006C9125 /* Components */ = {
			isa = PBXGroup;
			children = (
				F6849C3329158B6D006C9125 /* Assets.xcassets */,
			);
			path = Components;
			sourceTree = "<group>";
		};
/* End PBXGroup section */

/* Begin PBXNativeTarget section */
		F6849C2629158B6C006C9125 /* Sleeping Baby */ = {
			isa = PBXNativeTarget;
			buildConfigurationList = F6849C3B29158B6D006C9125 /* Build configuration list for PBXNativeTarget "Sleeping Baby" */;
			buildPhases = (
				F6849C2329158B6C006C9125 /* Sources */,
				F6849C2429158B6C006C9125 /* Frameworks */,
				F6849C2529158B6C006C9125 /* Resources */,
			);
			buildRules = (
			);
			dependencies = (
			);
			name = "Sleeping Baby";
			productName = "Sleeping Baby";
			productReference = F6849C2729158B6C006C9125 /* Sleeping Baby.app */;
			productType = "com.apple.product-type.application";
		};
/* End PBXNativeTarget section */

/* Begin PBXProject section */
		F6849C1F29158B6C006C9125 /* Project object */ = {
			isa = PBXProject;
			attributes = {
				BuildIndependentTargetsInParallel = 1;
				LastSwiftUpdateCheck = 1400;
				LastUpgradeCheck = 1400;
				TargetAttributes = {
					F6849C2629158B6C006C9125 = {
						CreatedOnToolsVersion = 14.0.1;
					};
				};
			};
			buildConfigurationList = F6849C2229158B6C006C9125 /* Build configuration list for PBXProject "Sleeping Baby" */;
			compatibilityVersion = "Xcode 14.0";
			developmentRegion = en;
			hasScannedForEncodings = 0;
			knownRegions = (
				en,
				Base,
			);
			mainGroup = F6849C1E29158B6C006C9125;
			productRefGroup = F6849C2829158B6C006C9125 /* Products */;
			projectDirPath = "";
			projectRoot = "";
			targets = (
				F6849C2629158B6C006C9125 /* Sleeping Baby */,
			);
		};
/* End PBXProject section */

/* Begin PBXResourcesBuildPhase section */
		F6849C2529158B6C006C9125 /* Resources */ = {
			isa = PBXResourcesBuildPhase;
			buildActionMask = 2147483647;
			files = (
				F6849C3729158B6D006C9125 /* LaunchScreen.storyboard in Resources */,
				F6849C3F29158E90006C9125 /* .gitignore in Resources */,
				F6849C3429158B6D006C9125 /* Assets.xcassets in Resources */,
			);
			runOnlyForDeploymentPostprocessing = 0;
		};
/* End PBXResourcesBuildPhase section */

/* Begin PBXSourcesBuildPhase section */
		F6849C2329158B6C006C9125 /* Sources */ = {
			isa = PBXSourcesBuildPhase;
			buildActionMask = 2147483647;
			files = (
				F6312C8129159AF600CD4C4E /* CoreDataService.swift in Sources */,
				F606C4CD291684DB00F009D1 /* Wake+CoreDataClass.swift in Sources */,
				F6312CD12915CC6E00CD4C4E /* Logger.swift in Sources */,
				F6849C2F29158B6C006C9125 /* TabBarController.swift in Sources */,
				F6849C2B29158B6C006C9125 /* AppDelegate.swift in Sources */,
				F6C1999B2916E20E00437CD9 /* Sleep+CoreDataClass.swift in Sources */,
				F6849C2D29158B6C006C9125 /* SceneDelegate.swift in Sources */,
				F6C5C62E291682F2002204E7 /* Feeding+CoreDataClass.swift in Sources */,
				F606C4C9291684DB00F009D1 /* NightTime+CoreDataClass.swift in Sources */,
				F6C5C632291683EC002204E7 /* Kid+CoreDataClass.swift in Sources */,
				F6312CCF2915C65E00CD4C4E /* Sleeping_Baby.xcdatamodeld in Sources */,
			);
			runOnlyForDeploymentPostprocessing = 0;
		};
/* End PBXSourcesBuildPhase section */

/* Begin PBXVariantGroup section */
		F6849C3529158B6D006C9125 /* LaunchScreen.storyboard */ = {
			isa = PBXVariantGroup;
			children = (
				F6849C3629158B6D006C9125 /* Base */,
			);
			name = LaunchScreen.storyboard;
			sourceTree = "<group>";
		};
/* End PBXVariantGroup section */

/* Begin XCBuildConfiguration section */
		F6849C3929158B6D006C9125 /* Debug */ = {
			isa = XCBuildConfiguration;
			buildSettings = {
				ALWAYS_SEARCH_USER_PATHS = NO;
				CLANG_ANALYZER_NONNULL = YES;
				CLANG_ANALYZER_NUMBER_OBJECT_CONVERSION = YES_AGGRESSIVE;
				CLANG_CXX_LANGUAGE_STANDARD = "gnu++20";
				CLANG_ENABLE_MODULES = YES;
				CLANG_ENABLE_OBJC_ARC = YES;
				CLANG_ENABLE_OBJC_WEAK = YES;
				CLANG_WARN_BLOCK_CAPTURE_AUTORELEASING = YES;
				CLANG_WARN_BOOL_CONVERSION = YES;
				CLANG_WARN_COMMA = YES;
				CLANG_WARN_CONSTANT_CONVERSION = YES;
				CLANG_WARN_DEPRECATED_OBJC_IMPLEMENTATIONS = YES;
				CLANG_WARN_DIRECT_OBJC_ISA_USAGE = YES_ERROR;
				CLANG_WARN_DOCUMENTATION_COMMENTS = YES;
				CLANG_WARN_EMPTY_BODY = YES;
				CLANG_WARN_ENUM_CONVERSION = YES;
				CLANG_WARN_INFINITE_RECURSION = YES;
				CLANG_WARN_INT_CONVERSION = YES;
				CLANG_WARN_NON_LITERAL_NULL_CONVERSION = YES;
				CLANG_WARN_OBJC_IMPLICIT_RETAIN_SELF = YES;
				CLANG_WARN_OBJC_LITERAL_CONVERSION = YES;
				CLANG_WARN_OBJC_ROOT_CLASS = YES_ERROR;
				CLANG_WARN_QUOTED_INCLUDE_IN_FRAMEWORK_HEADER = YES;
				CLANG_WARN_RANGE_LOOP_ANALYSIS = YES;
				CLANG_WARN_STRICT_PROTOTYPES = YES;
				CLANG_WARN_SUSPICIOUS_MOVE = YES;
				CLANG_WARN_UNGUARDED_AVAILABILITY = YES_AGGRESSIVE;
				CLANG_WARN_UNREACHABLE_CODE = YES;
				CLANG_WARN__DUPLICATE_METHOD_MATCH = YES;
				COPY_PHASE_STRIP = NO;
				DEBUG_INFORMATION_FORMAT = dwarf;
				ENABLE_STRICT_OBJC_MSGSEND = YES;
				ENABLE_TESTABILITY = YES;
				GCC_C_LANGUAGE_STANDARD = gnu11;
				GCC_DYNAMIC_NO_PIC = NO;
				GCC_NO_COMMON_BLOCKS = YES;
				GCC_OPTIMIZATION_LEVEL = 0;
				GCC_PREPROCESSOR_DEFINITIONS = (
					"DEBUG=1",
					"$(inherited)",
				);
				GCC_WARN_64_TO_32_BIT_CONVERSION = YES;
				GCC_WARN_ABOUT_RETURN_TYPE = YES_ERROR;
				GCC_WARN_UNDECLARED_SELECTOR = YES;
				GCC_WARN_UNINITIALIZED_AUTOS = YES_AGGRESSIVE;
				GCC_WARN_UNUSED_FUNCTION = YES;
				GCC_WARN_UNUSED_VARIABLE = YES;
				IPHONEOS_DEPLOYMENT_TARGET = 14.2;
				MTL_ENABLE_DEBUG_INFO = INCLUDE_SOURCE;
				MTL_FAST_MATH = YES;
				ONLY_ACTIVE_ARCH = YES;
				SDKROOT = iphoneos;
				SWIFT_ACTIVE_COMPILATION_CONDITIONS = DEBUG;
				SWIFT_OPTIMIZATION_LEVEL = "-Onone";
				SWIFT_VERSION = 5.0;
			};
			name = Debug;
		};
		F6849C3A29158B6D006C9125 /* Release */ = {
			isa = XCBuildConfiguration;
			buildSettings = {
				ALWAYS_SEARCH_USER_PATHS = NO;
				CLANG_ANALYZER_NONNULL = YES;
				CLANG_ANALYZER_NUMBER_OBJECT_CONVERSION = YES_AGGRESSIVE;
				CLANG_CXX_LANGUAGE_STANDARD = "gnu++20";
				CLANG_ENABLE_MODULES = YES;
				CLANG_ENABLE_OBJC_ARC = YES;
				CLANG_ENABLE_OBJC_WEAK = YES;
				CLANG_WARN_BLOCK_CAPTURE_AUTORELEASING = YES;
				CLANG_WARN_BOOL_CONVERSION = YES;
				CLANG_WARN_COMMA = YES;
				CLANG_WARN_CONSTANT_CONVERSION = YES;
				CLANG_WARN_DEPRECATED_OBJC_IMPLEMENTATIONS = YES;
				CLANG_WARN_DIRECT_OBJC_ISA_USAGE = YES_ERROR;
				CLANG_WARN_DOCUMENTATION_COMMENTS = YES;
				CLANG_WARN_EMPTY_BODY = YES;
				CLANG_WARN_ENUM_CONVERSION = YES;
				CLANG_WARN_INFINITE_RECURSION = YES;
				CLANG_WARN_INT_CONVERSION = YES;
				CLANG_WARN_NON_LITERAL_NULL_CONVERSION = YES;
				CLANG_WARN_OBJC_IMPLICIT_RETAIN_SELF = YES;
				CLANG_WARN_OBJC_LITERAL_CONVERSION = YES;
				CLANG_WARN_OBJC_ROOT_CLASS = YES_ERROR;
				CLANG_WARN_QUOTED_INCLUDE_IN_FRAMEWORK_HEADER = YES;
				CLANG_WARN_RANGE_LOOP_ANALYSIS = YES;
				CLANG_WARN_STRICT_PROTOTYPES = YES;
				CLANG_WARN_SUSPICIOUS_MOVE = YES;
				CLANG_WARN_UNGUARDED_AVAILABILITY = YES_AGGRESSIVE;
				CLANG_WARN_UNREACHABLE_CODE = YES;
				CLANG_WARN__DUPLICATE_METHOD_MATCH = YES;
				COPY_PHASE_STRIP = NO;
				DEBUG_INFORMATION_FORMAT = "dwarf-with-dsym";
				ENABLE_NS_ASSERTIONS = NO;
				ENABLE_STRICT_OBJC_MSGSEND = YES;
				GCC_C_LANGUAGE_STANDARD = gnu11;
				GCC_NO_COMMON_BLOCKS = YES;
				GCC_WARN_64_TO_32_BIT_CONVERSION = YES;
				GCC_WARN_ABOUT_RETURN_TYPE = YES_ERROR;
				GCC_WARN_UNDECLARED_SELECTOR = YES;
				GCC_WARN_UNINITIALIZED_AUTOS = YES_AGGRESSIVE;
				GCC_WARN_UNUSED_FUNCTION = YES;
				GCC_WARN_UNUSED_VARIABLE = YES;
				IPHONEOS_DEPLOYMENT_TARGET = 14.2;
				MTL_ENABLE_DEBUG_INFO = NO;
				MTL_FAST_MATH = YES;
				SDKROOT = iphoneos;
				SWIFT_COMPILATION_MODE = wholemodule;
				SWIFT_OPTIMIZATION_LEVEL = "-O";
				SWIFT_VERSION = 5.0;
				VALIDATE_PRODUCT = YES;
			};
			name = Release;
		};
		F6849C3C29158B6D006C9125 /* Debug */ = {
			isa = XCBuildConfiguration;
			buildSettings = {
				ASSETCATALOG_COMPILER_APPICON_NAME = AppIcon;
				ASSETCATALOG_COMPILER_GLOBAL_ACCENT_COLOR_NAME = AccentColor;
				CODE_SIGN_STYLE = Automatic;
				CURRENT_PROJECT_VERSION = 1;
				DEVELOPMENT_TEAM = HV5PMLH7Y7;
				GENERATE_INFOPLIST_FILE = YES;
				INFOPLIST_FILE = "Sleeping Baby/Settings/Info.plist";
				INFOPLIST_KEY_CFBundleDisplayName = "Sleeping Baby";
				INFOPLIST_KEY_LSApplicationCategoryType = "public.app-category.medical";
				INFOPLIST_KEY_UIApplicationSupportsIndirectInputEvents = YES;
				INFOPLIST_KEY_UILaunchStoryboardName = LaunchScreen;
				INFOPLIST_KEY_UIMainStoryboardFile = "";
				INFOPLIST_KEY_UISupportedInterfaceOrientations = UIInterfaceOrientationPortrait;
				INFOPLIST_KEY_UISupportedInterfaceOrientations_iPad = "UIInterfaceOrientationLandscapeLeft UIInterfaceOrientationLandscapeRight UIInterfaceOrientationPortrait UIInterfaceOrientationPortraitUpsideDown";
				IPHONEOS_DEPLOYMENT_TARGET = 14.2;
				LD_RUNPATH_SEARCH_PATHS = (
					"$(inherited)",
					"@executable_path/Frameworks",
				);
				MARKETING_VERSION = 1.0;
				PRODUCT_BUNDLE_IDENTIFIER = "com.kostyukhin.Sleeping-Baby";
				PRODUCT_NAME = "$(TARGET_NAME)";
				SUPPORTED_PLATFORMS = "iphoneos iphonesimulator";
				SUPPORTS_MACCATALYST = NO;
				SUPPORTS_MAC_DESIGNED_FOR_IPHONE_IPAD = NO;
				SWIFT_EMIT_LOC_STRINGS = YES;
				SWIFT_VERSION = 5.0;
				TARGETED_DEVICE_FAMILY = 1;
			};
			name = Debug;
		};
		F6849C3D29158B6D006C9125 /* Release */ = {
			isa = XCBuildConfiguration;
			buildSettings = {
				ASSETCATALOG_COMPILER_APPICON_NAME = AppIcon;
				ASSETCATALOG_COMPILER_GLOBAL_ACCENT_COLOR_NAME = AccentColor;
				CODE_SIGN_STYLE = Automatic;
				CURRENT_PROJECT_VERSION = 1;
				DEVELOPMENT_TEAM = HV5PMLH7Y7;
				GENERATE_INFOPLIST_FILE = YES;
				INFOPLIST_FILE = "Sleeping Baby/Settings/Info.plist";
				INFOPLIST_KEY_CFBundleDisplayName = "Sleeping Baby";
				INFOPLIST_KEY_LSApplicationCategoryType = "public.app-category.medical";
				INFOPLIST_KEY_UIApplicationSupportsIndirectInputEvents = YES;
				INFOPLIST_KEY_UILaunchStoryboardName = LaunchScreen;
				INFOPLIST_KEY_UIMainStoryboardFile = "";
				INFOPLIST_KEY_UISupportedInterfaceOrientations = UIInterfaceOrientationPortrait;
				INFOPLIST_KEY_UISupportedInterfaceOrientations_iPad = "UIInterfaceOrientationLandscapeLeft UIInterfaceOrientationLandscapeRight UIInterfaceOrientationPortrait UIInterfaceOrientationPortraitUpsideDown";
				IPHONEOS_DEPLOYMENT_TARGET = 14.2;
				LD_RUNPATH_SEARCH_PATHS = (
					"$(inherited)",
					"@executable_path/Frameworks",
				);
				MARKETING_VERSION = 1.0;
				PRODUCT_BUNDLE_IDENTIFIER = "com.kostyukhin.Sleeping-Baby";
				PRODUCT_NAME = "$(TARGET_NAME)";
				SUPPORTED_PLATFORMS = "iphoneos iphonesimulator";
				SUPPORTS_MACCATALYST = NO;
				SUPPORTS_MAC_DESIGNED_FOR_IPHONE_IPAD = NO;
				SWIFT_EMIT_LOC_STRINGS = YES;
				SWIFT_VERSION = 5.0;
				TARGETED_DEVICE_FAMILY = 1;
			};
			name = Release;
		};
/* End XCBuildConfiguration section */

/* Begin XCConfigurationList section */
		F6849C2229158B6C006C9125 /* Build configuration list for PBXProject "Sleeping Baby" */ = {
			isa = XCConfigurationList;
			buildConfigurations = (
				F6849C3929158B6D006C9125 /* Debug */,
				F6849C3A29158B6D006C9125 /* Release */,
			);
			defaultConfigurationIsVisible = 0;
			defaultConfigurationName = Release;
		};
		F6849C3B29158B6D006C9125 /* Build configuration list for PBXNativeTarget "Sleeping Baby" */ = {
			isa = XCConfigurationList;
			buildConfigurations = (
				F6849C3C29158B6D006C9125 /* Debug */,
				F6849C3D29158B6D006C9125 /* Release */,
			);
			defaultConfigurationIsVisible = 0;
			defaultConfigurationName = Release;
		};
/* End XCConfigurationList section */

/* Begin XCVersionGroup section */
		F6312CCD2915C65E00CD4C4E /* Sleeping_Baby.xcdatamodeld */ = {
			isa = XCVersionGroup;
			children = (
				F6312CCE2915C65E00CD4C4E /* Sleeping_Baby.xcdatamodel */,
			);
			currentVersion = F6312CCE2915C65E00CD4C4E /* Sleeping_Baby.xcdatamodel */;
			path = Sleeping_Baby.xcdatamodeld;
			sourceTree = "<group>";
			versionGroupType = wrapper.xcdatamodel;
		};
/* End XCVersionGroup section */
	};
	rootObject = F6849C1F29158B6C006C9125 /* Project object */;
}
